
Microsoft Visual Studio Solution File, Format Version 12.00
# Visual Studio Version 17
VisualStudioVersion = 17.8.34525.116
MinimumVisualStudioVersion = 10.0.40219.1
Project("{FAE04EC0-301F-11D3-BF4B-00C04F79EFBC}") = "MyFirstApp", "MyFirstApp\MyFirstApp.csproj", "{2B7B533D-FF41-4AD8-BB0E-18E6FC4A639C}"
EndProject
Global
	GlobalSection(SolutionConfigurationPlatforms) = preSolution
		Debug|Any CPU = Debug|Any CPU
		Release|Any CPU = Release|Any CPU
	EndGlobalSection
	GlobalSection(ProjectConfigurationPlatforms) = postSolution
		{2B7B533D-FF41-4AD8-BB0E-18E6FC4A639C}.Debug|Any CPU.ActiveCfg = Debug|Any CPU
		{2B7B533D-FF41-4AD8-BB0E-18E6FC4A639C}.Debug|Any CPU.Build.0 = Debug|Any CPU
		{2B7B533D-FF41-4AD8-BB0E-18E6FC4A639C}.Release|Any CPU.ActiveCfg = Release|Any CPU
		{2B7B533D-FF41-4AD8-BB0E-18E6FC4A639C}.Release|Any CPU.Build.0 = Release|Any CPU
	EndGlobalSection
	GlobalSection(SolutionProperties) = preSolution
		HideSolutionNode = FALSE
	EndGlobalSection
	GlobalSection(ExtensibilityGlobals) = postSolution
		SolutionGuid = {FF38E013-979E-48CA-8D2F-35B1BBDA5C5A}
	EndGlobalSection
EndGlobal
